// !$*UTF8*$!
{
	archiveVersion = 1;
	classes = {
	};
	objectVersion = 48;
	objects = {

/* Begin PBXBuildFile section */
		CB53D47620513FBB006C5D14 /* AppDelegate.swift in Sources */ = {isa = PBXBuildFile; fileRef = CB53D47520513FBB006C5D14 /* AppDelegate.swift */; };
		CB53D47820513FBB006C5D14 /* ViewController.swift in Sources */ = {isa = PBXBuildFile; fileRef = CB53D47720513FBB006C5D14 /* ViewController.swift */; };
		CB53D47B20513FBB006C5D14 /* Main.storyboard in Resources */ = {isa = PBXBuildFile; fileRef = CB53D47920513FBB006C5D14 /* Main.storyboard */; };
		CB53D47D20513FBB006C5D14 /* Assets.xcassets in Resources */ = {isa = PBXBuildFile; fileRef = CB53D47C20513FBB006C5D14 /* Assets.xcassets */; };
		CB53D48020513FBB006C5D14 /* LaunchScreen.storyboard in Resources */ = {isa = PBXBuildFile; fileRef = CB53D47E20513FBB006C5D14 /* LaunchScreen.storyboard */; };
/* End PBXBuildFile section */

/* Begin PBXFileReference section */
		CB53D47220513FBB006C5D14 /* 合并图片并且存在本地沙盒中.app */ = {isa = PBXFileReference; explicitFileType = wrapper.application; includeInIndex = 0; path = "合并图片并且存在本地沙盒中.app"; sourceTree = BUILT_PRODUCTS_DIR; };
		CB53D47520513FBB006C5D14 /* AppDelegate.swift */ = {isa = PBXFileReference; lastKnownFileType = sourcecode.swift; path = AppDelegate.swift; sourceTree = "<group>"; };
		CB53D47720513FBB006C5D14 /* ViewController.swift */ = {isa = PBXFileReference; lastKnownFileType = sourcecode.swift; path = ViewController.swift; sourceTree = "<group>"; };
		CB53D47A20513FBB006C5D14 /* Base */ = {isa = PBXFileReference; lastKnownFileType = file.storyboard; name = Base; path = Base.lproj/Main.storyboard; sourceTree = "<group>"; };
		CB53D47C20513FBB006C5D14 /* Assets.xcassets */ = {isa = PBXFileReference; lastKnownFileType = folder.assetcatalog; path = Assets.xcassets; sourceTree = "<group>"; };
		CB53D47F20513FBB006C5D14 /* Base */ = {isa = PBXFileReference; lastKnownFileType = file.storyboard; name = Base; path = Base.lproj/LaunchScreen.storyboard; sourceTree = "<group>"; };
		CB53D48120513FBB006C5D14 /* Info.plist */ = {isa = PBXFileReference; lastKnownFileType = text.plist.xml; path = Info.plist; sourceTree = "<group>"; };
/* End PBXFileReference section */

/* Begin PBXFrameworksBuildPhase section */
		CB53D46F20513FBB006C5D14 /* Frameworks */ = {
			isa = PBXFrameworksBuildPhase;
			buildActionMask = 2147483647;
			files = (
			);
			runOnlyForDeploymentPostprocessing = 0;
		};
/* End PBXFrameworksBuildPhase section */

/* Begin PBXGroup section */
		CB53D46920513FBB006C5D14 = {
			isa = PBXGroup;
			children = (
				CB53D47420513FBB006C5D14 /* 合并图片并且存在本地沙盒中 */,
				CB53D47320513FBB006C5D14 /* Products */,
			);
			sourceTree = "<group>";
		};
		CB53D47320513FBB006C5D14 /* Products */ = {
			isa = PBXGroup;
			children = (
				CB53D47220513FBB006C5D14 /* 合并图片并且存在本地沙盒中.app */,
			);
			name = Products;
			sourceTree = "<group>";
		};
		CB53D47420513FBB006C5D14 /* 合并图片并且存在本地沙盒中 */ = {
			isa = PBXGroup;
			children = (
				CB53D47520513FBB006C5D14 /* AppDelegate.swift */,
				CB53D47720513FBB006C5D14 /* ViewController.swift */,
				CB53D47920513FBB006C5D14 /* Main.storyboard */,
				CB53D47C20513FBB006C5D14 /* Assets.xcassets */,
				CB53D47E20513FBB006C5D14 /* LaunchScreen.storyboard */,
				CB53D48120513FBB006C5D14 /* Info.plist */,
			);
			path = "合并图片并且存在本地沙盒中";
			sourceTree = "<group>";
		};
/* End PBXGroup section */

/* Begin PBXNativeTarget section */
		CB53D47120513FBB006C5D14 /* 合并图片并且存在本地沙盒中 */ = {
			isa = PBXNativeTarget;
			buildConfigurationList = CB53D48420513FBB006C5D14 /* Build configuration list for PBXNativeTarget "合并图片并且存在本地沙盒中" */;
			buildPhases = (
				CB53D46E20513FBB006C5D14 /* Sources */,
				CB53D46F20513FBB006C5D14 /* Frameworks */,
				CB53D47020513FBB006C5D14 /* Resources */,
			);
			buildRules = (
			);
			dependencies = (
			);
			name = "合并图片并且存在本地沙盒中";
			productName = "合并图片并且存在本地沙盒中";
			productReference = CB53D47220513FBB006C5D14 /* 合并图片并且存在本地沙盒中.app */;
			productType = "com.apple.product-type.application";
		};
/* End PBXNativeTarget section */

/* Begin PBXProject section */
		CB53D46A20513FBB006C5D14 /* Project object */ = {
			isa = PBXProject;
			attributes = {
				LastSwiftUpdateCheck = 0920;
				LastUpgradeCheck = 0920;
				ORGANIZATIONNAME = "林赟越";
				TargetAttributes = {
					CB53D47120513FBB006C5D14 = {
						CreatedOnToolsVersion = 9.2;
						ProvisioningStyle = Automatic;
					};
				};
			};
			buildConfigurationList = CB53D46D20513FBB006C5D14 /* Build configuration list for PBXProject "合并图片并且存在本地沙盒中" */;
			compatibilityVersion = "Xcode 8.0";
			developmentRegion = en;
			hasScannedForEncodings = 0;
			knownRegions = (
				en,
				Base,
			);
			mainGroup = CB53D46920513FBB006C5D14;
			productRefGroup = CB53D47320513FBB006C5D14 /* Products */;
			projectDirPath = "";
			projectRoot = "";
			targets = (
				CB53D47120513FBB006C5D14 /* 合并图片并且存在本地沙盒中 */,
			);
		};
/* End PBXProject section */

/* Begin PBXResourcesBuildPhase section */
		CB53D47020513FBB006C5D14 /* Resources */ = {
			isa = PBXResourcesBuildPhase;
			buildActionMask = 2147483647;
			files = (
				CB53D48020513FBB006C5D14 /* LaunchScreen.storyboard in Resources */,
				CB53D47D20513FBB006C5D14 /* Assets.xcassets in Resources */,
				CB53D47B20513FBB006C5D14 /* Main.storyboard in Resources */,
			);
			runOnlyForDeploymentPostprocessing = 0;
		};
/* End PBXResourcesBuildPhase section */

/* Begin PBXSourcesBuildPhase section */
		CB53D46E20513FBB006C5D14 /* Sources */ = {
			isa = PBXSourcesBuildPhase;
			buildActionMask = 2147483647;
			files = (
				CB53D47820513FBB006C5D14 /* ViewController.swift in Sources */,
				CB53D47620513FBB006C5D14 /* AppDelegate.swift in Sources */,
			);
			runOnlyForDeploymentPostprocessing = 0;
		};
/* End PBXSourcesBuildPhase section */

/* Begin PBXVariantGroup section */
		CB53D47920513FBB006C5D14 /* Main.storyboard */ = {
			isa = PBXVariantGroup;
			children = (
				CB53D47A20513FBB006C5D14 /* Base */,
			);
			name = Main.storyboard;
			sourceTree = "<group>";
		};
		CB53D47E20513FBB006C5D14 /* LaunchScreen.storyboard */ = {
			isa = PBXVariantGroup;
			children = (
				CB53D47F20513FBB006C5D14 /* Base */,
			);
			name = LaunchScreen.storyboard;
			sourceTree = "<group>";
		};
/* End PBXVariantGroup section */

/* Begin XCBuildConfiguration section */
		CB53D48220513FBB006C5D14 /* Debug */ = {
			isa = XCBuildConfiguration;
			buildSettings = {
				ALWAYS_SEARCH_USER_PATHS = NO;
				CLANG_ANALYZER_NONNULL = YES;
				CLANG_ANALYZER_NUMBER_OBJECT_CONVERSION = YES_AGGRESSIVE;
				CLANG_CXX_LANGUAGE_STANDARD = "gnu++14";
				CLANG_CXX_LIBRARY = "libc++";
				CLANG_ENABLE_MODULES = YES;
				CLANG_ENABLE_OBJC_ARC = YES;
				CLANG_WARN_BLOCK_CAPTURE_AUTORELEASING = YES;
				CLANG_WARN_BOOL_CONVERSION = YES;
				CLANG_WARN_COMMA = YES;
				CLANG_WARN_CONSTANT_CONVERSION = YES;
				CLANG_WARN_DIRECT_OBJC_ISA_USAGE = YES_ERROR;
				CLANG_WARN_DOCUMENTATION_COMMENTS = YES;
				CLANG_WARN_EMPTY_BODY = YES;
				CLANG_WARN_ENUM_CONVERSION = YES;
				CLANG_WARN_INFINITE_RECURSION = YES;
				CLANG_WARN_INT_CONVERSION = YES;
				CLANG_WARN_NON_LITERAL_NULL_CONVERSION = YES;
				CLANG_WARN_OBJC_LITERAL_CONVERSION = YES;
				CLANG_WARN_OBJC_ROOT_CLASS = YES_ERROR;
				CLANG_WARN_RANGE_LOOP_ANALYSIS = YES;
				CLANG_WARN_STRICT_PROTOTYPES = YES;
				CLANG_WARN_SUSPICIOUS_MOVE = YES;
				CLANG_WARN_UNGUARDED_AVAILABILITY = YES_AGGRESSIVE;
				CLANG_WARN_UNREACHABLE_CODE = YES;
				CLANG_WARN__DUPLICATE_METHOD_MATCH = YES;
				CODE_SIGN_IDENTITY = "iPhone Developer";
				COPY_PHASE_STRIP = NO;
				DEBUG_INFORMATION_FORMAT = dwarf;
				ENABLE_STRICT_OBJC_MSGSEND = YES;
				ENABLE_TESTABILITY = YES;
				GCC_C_LANGUAGE_STANDARD = gnu11;
				GCC_DYNAMIC_NO_PIC = NO;
				GCC_NO_COMMON_BLOCKS = YES;
				GCC_OPTIMIZATION_LEVEL = 0;
				GCC_PREPROCESSOR_DEFINITIONS = (
					"DEBUG=1",
					"$(inherited)",
				);
				GCC_WARN_64_TO_32_BIT_CONVERSION = YES;
				GCC_WARN_ABOUT_RETURN_TYPE = YES_ERROR;
				GCC_WARN_UNDECLARED_SELECTOR = YES;
				GCC_WARN_UNINITIALIZED_AUTOS = YES_AGGRESSIVE;
				GCC_WARN_UNUSED_FUNCTION = YES;
				GCC_WARN_UNUSED_VARIABLE = YES;
				IPHONEOS_DEPLOYMENT_TARGET = 11.2;
				MTL_ENABLE_DEBUG_INFO = YES;
				ONLY_ACTIVE_ARCH = YES;
				SDKROOT = iphoneos;
				SWIFT_ACTIVE_COMPILATION_CONDITIONS = DEBUG;
				SWIFT_OPTIMIZATION_LEVEL = "-Onone";
			};
			name = Debug;
		};
		CB53D48320513FBB006C5D14 /* Release */ = {
			isa = XCBuildConfiguration;
			buildSettings = {
				ALWAYS_SEARCH_USER_PATHS = NO;
				CLANG_ANALYZER_NONNULL = YES;
				CLANG_ANALYZER_NUMBER_OBJECT_CONVERSION = YES_AGGRESSIVE;
				CLANG_CXX_LANGUAGE_STANDARD = "gnu++14";
				CLANG_CXX_LIBRARY = "libc++";
				CLANG_ENABLE_MODULES = YES;
				CLANG_ENABLE_OBJC_ARC = YES;
				CLANG_WARN_BLOCK_CAPTURE_AUTORELEASING = YES;
				CLANG_WARN_BOOL_CONVERSION = YES;
				CLANG_WARN_COMMA = YES;
				CLANG_WARN_CONSTANT_CONVERSION = YES;
				CLANG_WARN_DIRECT_OBJC_ISA_USAGE = YES_ERROR;
				CLANG_WARN_DOCUMENTATION_COMMENTS = YES;
				CLANG_WARN_EMPTY_BODY = YES;
				CLANG_WARN_ENUM_CONVERSION = YES;
				CLANG_WARN_INFINITE_RECURSION = YES;
				CLANG_WARN_INT_CONVERSION = YES;
				CLANG_WARN_NON_LITERAL_NULL_CONVERSION = YES;
				CLANG_WARN_OBJC_LITERAL_CONVERSION = YES;
				CLANG_WARN_OBJC_ROOT_CLASS = YES_ERROR;
				CLANG_WARN_RANGE_LOOP_ANALYSIS = YES;
				CLANG_WARN_STRICT_PROTOTYPES = YES;
				CLANG_WARN_SUSPICIOUS_MOVE = YES;
				CLANG_WARN_UNGUARDED_AVAILABILITY = YES_AGGRESSIVE;
				CLANG_WARN_UNREACHABLE_CODE = YES;
				CLANG_WARN__DUPLICATE_METHOD_MATCH = YES;
				CODE_SIGN_IDENTITY = "iPhone Developer";
				COPY_PHASE_STRIP = NO;
				DEBUG_INFORMATION_FORMAT = "dwarf-with-dsym";
				ENABLE_NS_ASSERTIONS = NO;
				ENABLE_STRICT_OBJC_MSGSEND = YES;
				GCC_C_LANGUAGE_STANDARD = gnu11;
				GCC_NO_COMMON_BLOCKS = YES;
				GCC_WARN_64_TO_32_BIT_CONVERSION = YES;
				GCC_WARN_ABOUT_RETURN_TYPE = YES_ERROR;
				GCC_WARN_UNDECLARED_SELECTOR = YES;
				GCC_WARN_UNINITIALIZED_AUTOS = YES_AGGRESSIVE;
				GCC_WARN_UNUSED_FUNCTION = YES;
				GCC_WARN_UNUSED_VARIABLE = YES;
				IPHONEOS_DEPLOYMENT_TARGET = 11.2;
				MTL_ENABLE_DEBUG_INFO = NO;
				SDKROOT = iphoneos;
				SWIFT_OPTIMIZATION_LEVEL = "-Owholemodule";
				VALIDATE_PRODUCT = YES;
			};
			name = Release;
		};
		CB53D48520513FBB006C5D14 /* Debug */ = {
			isa = XCBuildConfiguration;
			buildSettings = {
				ASSETCATALOG_COMPILER_APPICON_NAME = AppIcon;
				CODE_SIGN_STYLE = Automatic;
				DEVELOPMENT_TEAM = SC8MYN76GD;
				INFOPLIST_FILE = "合并图片并且存在本地沙盒中/Info.plist";
				LD_RUNPATH_SEARCH_PATHS = "$(inherited) @executable_path/Frameworks";
				PRODUCT_BUNDLE_IDENTIFIER = "com.Mukitech.-------------";
				PRODUCT_NAME = "$(TARGET_NAME)";
				SWIFT_VERSION = 4.0;
				TARGETED_DEVICE_FAMILY = "1,2";
			};
			name = Debug;
		};
		CB53D48620513FBB006C5D14 /* Release */ = {
			isa = XCBuildConfiguration;
			buildSettings = {
				ASSETCATALOG_COMPILER_APPICON_NAME = AppIcon;
				CODE_SIGN_STYLE = Automatic;
				DEVELOPMENT_TEAM = SC8MYN76GD;
				INFOPLIST_FILE = "合并图片并且存在本地沙盒中/Info.plist";
				LD_RUNPATH_SEARCH_PATHS = "$(inherited) @executable_path/Frameworks";
				PRODUCT_BUNDLE_IDENTIFIER = "com.Mukitech.-------------";
				PRODUCT_NAME = "$(TARGET_NAME)";
				SWIFT_VERSION = 4.0;
				TARGETED_DEVICE_FAMILY = "1,2";
			};
			name = Release;
		};
/* End XCBuildConfiguration section */

/* Begin XCConfigurationList section */
		CB53D46D20513FBB006C5D14 /* Build configuration list for PBXProject "合并图片并且存在本地沙盒中" */ = {
			isa = XCConfigurationList;
			buildConfigurations = (
				CB53D48220513FBB006C5D14 /* Debug */,
				CB53D48320513FBB006C5D14 /* Release */,
			);
			defaultConfigurationIsVisible = 0;
			defaultConfigurationName = Release;
		};
		CB53D48420513FBB006C5D14 /* Build configuration list for PBXNativeTarget "合并图片并且存在本地沙盒中" */ = {
			isa = XCConfigurationList;
			buildConfigurations = (
				CB53D48520513FBB006C5D14 /* Debug */,
				CB53D48620513FBB006C5D14 /* Release */,
			);
			defaultConfigurationIsVisible = 0;
			defaultConfigurationName = Release;
		};
/* End XCConfigurationList section */
	};
	rootObject = CB53D46A20513FBB006C5D14 /* Project object */;
}
